# generated by rye
# use `rye lock` or `rye sync` to update this lockfile
#
# last locked with the following flags:
#   pre: false
#   features: []
#   all-features: false
#   with-sources: false
#   generate-hashes: false
#   universal: false

-e file:.
certifi==2024.8.30
    # via requests
charset-normalizer==3.3.2
    # via requests
idna==3.10
    # via requests
jaraco-env==1.0.0
    # via helios
jaraco-functools==4.1.0
    # via helios
more-itertools==10.5.0
    # via jaraco-functools
pytelegrambotapi==4.23.0
    # via helios
python-dotenv==1.0.1
    # via helios
requests==2.32.3
    # via pytelegrambotapi
urllib3==2.2.3
    # via requests
wakeonlan==3.1.0
    # via helios
