# generated by rye
# use `rye lock` or `rye sync` to update this lockfile
#
# last locked with the following flags:
#   pre: false
#   features: []
#   all-features: true
#   with-sources: false
#   generate-hashes: false
#   universal: false

-e file:.
anyio==4.6.0
    # via starlette
deprecated==1.2.14
    # via limits
idna==3.10
    # via anyio
importlib-resources==6.4.5
    # via limits
limits==3.13.0
    # via fourtwonine
packaging==24.1
    # via limits
sniffio==1.3.1
    # via anyio
starlette==0.39.2
    # via fourtwonine
typing-extensions==4.12.2
    # via fourtwonine
    # via limits
wrapt==1.16.0
    # via deprecated
