version = 1
requires-python = ">=3.10"

[[package]]
name = "filelock"
version = "3.16.1"
source = { registry = "https://pypi.org/simple" }
sdist = { url = "https://files.pythonhosted.org/packages/9d/db/3ef5bb276dae18d6ec2124224403d1d67bccdbefc17af4cc8f553e341ab1/filelock-3.16.1.tar.gz", hash = "sha256:c249fbfcd5db47e5e2d6d62198e565475ee65e4831e2561c8e313fa7eb961435", size = 18037 }
wheels = [
    { url = "https://files.pythonhosted.org/packages/b9/f8/feced7779d755758a52d1f6635d990b8d98dc0a29fa568bbe0625f18fdf3/filelock-3.16.1-py3-none-any.whl", hash = "sha256:2082e5703d51fbf98ea75855d9d5527e33d8ff23099bec374a134febee6946b0", size = 16163 },
]

[[package]]
name = "fsspec"
version = "2024.9.0"
source = { registry = "https://pypi.org/simple" }
sdist = { url = "https://files.pythonhosted.org/packages/62/7c/12b0943011daaaa9c35c2a2e22e5eb929ac90002f08f1259d69aedad84de/fsspec-2024.9.0.tar.gz", hash = "sha256:4b0afb90c2f21832df142f292649035d80b421f60a9e1c027802e5a0da2b04e8", size = 286206 }
wheels = [
    { url = "https://files.pythonhosted.org/packages/1d/a0/6aaea0c2fbea2f89bfd5db25fb1e3481896a423002ebe4e55288907a97a3/fsspec-2024.9.0-py3-none-any.whl", hash = "sha256:a0947d552d8a6efa72cc2c730b12c41d043509156966cca4fb157b0f2a0c574b", size = 179253 },
]

[[package]]
name = "jinja2"
version = "3.1.4"
source = { registry = "https://pypi.org/simple" }
dependencies = [
    { name = "markupsafe" },
]
sdist = { url = "https://files.pythonhosted.org/packages/ed/55/39036716d19cab0747a5020fc7e907f362fbf48c984b14e62127f7e68e5d/jinja2-3.1.4.tar.gz", hash = "sha256:4a3aee7acbbe7303aede8e9648d13b8bf88a429282aa6122a993f0ac800cb369", size = 240245 }
wheels = [
    { url = "https://files.pythonhosted.org/packages/31/80/3a54838c3fb461f6fec263ebf3a3a41771bd05190238de3486aae8540c36/jinja2-3.1.4-py3-none-any.whl", hash = "sha256:bc5dd2abb727a5319567b7a813e6a2e7318c39f4f487cfe6c89c6f9c7d25197d", size = 133271 },
]

[[package]]
name = "markupsafe"
version = "3.0.1"
source = { registry = "https://pypi.org/simple" }
sdist = { url = "https://files.pythonhosted.org/packages/b4/d2/38ff920762f2247c3af5cbbbbc40756f575d9692d381d7c520f45deb9b8f/markupsafe-3.0.1.tar.gz", hash = "sha256:3e683ee4f5d0fa2dde4db77ed8dd8a876686e3fc417655c2ece9a90576905344", size = 20249 }
wheels = [
    { url = "https://files.pythonhosted.org/packages/43/a2/0482d1a157f5f10f72fc4fe8c3be9ffa3651c1f7a12b60a3ab71b2635e13/MarkupSafe-3.0.1-cp310-cp310-macosx_10_9_universal2.whl", hash = "sha256:db842712984e91707437461930e6011e60b39136c7331e971952bb30465bc1a1", size = 14391 },
    { url = "https://files.pythonhosted.org/packages/3b/25/5ea6500d200fd2dc3ea25c765f69dea0a1a8d42ec80a38cd896ad47cb85d/MarkupSafe-3.0.1-cp310-cp310-macosx_11_0_arm64.whl", hash = "sha256:3ffb4a8e7d46ed96ae48805746755fadd0909fea2306f93d5d8233ba23dda12a", size = 12414 },
    { url = "https://files.pythonhosted.org/packages/92/41/cf5397dd6bb18895d148aa402cafa71018f2ffc5f6e9d6e90d85b523c741/MarkupSafe-3.0.1-cp310-cp310-manylinux_2_17_aarch64.manylinux2014_aarch64.whl", hash = "sha256:67c519635a4f64e495c50e3107d9b4075aec33634272b5db1cde839e07367589", size = 21787 },
    { url = "https://files.pythonhosted.org/packages/2e/0d/5d91ef2b4f30afa87483a3a7c108c777d144b1c42d7113459296a8a2bfa0/MarkupSafe-3.0.1-cp310-cp310-manylinux_2_17_x86_64.manylinux2014_x86_64.whl", hash = "sha256:48488d999ed50ba8d38c581d67e496f955821dc183883550a6fbc7f1aefdc170", size = 20954 },
    { url = "https://files.pythonhosted.org/packages/f6/de/12a4110c2c7c7b502fe0e6f911367726dbb7a37e03e207495135d064bb48/MarkupSafe-3.0.1-cp310-cp310-manylinux_2_5_i686.manylinux1_i686.manylinux_2_17_i686.manylinux2014_i686.whl", hash = "sha256:f31ae06f1328595d762c9a2bf29dafd8621c7d3adc130cbb46278079758779ca", size = 21086 },
    { url = "https://files.pythonhosted.org/packages/96/55/59389babc6e8ed206849a9958de9da7c23f3a75d294f46e99624fa38fb79/MarkupSafe-3.0.1-cp310-cp310-musllinux_1_2_aarch64.whl", hash = "sha256:80fcbf3add8790caddfab6764bde258b5d09aefbe9169c183f88a7410f0f6dea", size = 21685 },
    { url = "https://files.pythonhosted.org/packages/3d/cb/cbad5f093e12cd79ceea3e2957ba5bd4c2706810f333d0a3422ab2aef358/MarkupSafe-3.0.1-cp310-cp310-musllinux_1_2_i686.whl", hash = "sha256:3341c043c37d78cc5ae6e3e305e988532b072329639007fd408a476642a89fd6", size = 21348 },
    { url = "https://files.pythonhosted.org/packages/8e/70/e19c4f39d68a52406012ee118667b57efb0bbe6e950be21187cd7a1b4b80/MarkupSafe-3.0.1-cp310-cp310-musllinux_1_2_x86_64.whl", hash = "sha256:cb53e2a99df28eee3b5f4fea166020d3ef9116fdc5764bc5117486e6d1211b25", size = 21098 },
    { url = "https://files.pythonhosted.org/packages/30/95/ca809c01624428d427e9b3a4500f9068eca941e0c520328954ce84ad966a/MarkupSafe-3.0.1-cp310-cp310-win32.whl", hash = "sha256:db15ce28e1e127a0013dfb8ac243a8e392db8c61eae113337536edb28bdc1f97", size = 15075 },
    { url = "https://files.pythonhosted.org/packages/23/41/decb99ab07793656821a86f827a394700ce28402ebb02dc6d003210d9859/MarkupSafe-3.0.1-cp310-cp310-win_amd64.whl", hash = "sha256:4ffaaac913c3f7345579db4f33b0020db693f302ca5137f106060316761beea9", size = 15535 },
    { url = "https://files.pythonhosted.org/packages/ce/af/2f5d88a7fc7226bd34c6e15f6061246ad8cff979da9f19d11bdd0addd8e2/MarkupSafe-3.0.1-cp311-cp311-macosx_10_9_universal2.whl", hash = "sha256:26627785a54a947f6d7336ce5963569b5d75614619e75193bdb4e06e21d447ad", size = 14387 },
    { url = "https://files.pythonhosted.org/packages/8d/43/fd588ef5d192308c5e05974bac659bf6ae29c202b7ea2c4194bcf01eacee/MarkupSafe-3.0.1-cp311-cp311-macosx_11_0_arm64.whl", hash = "sha256:b954093679d5750495725ea6f88409946d69cfb25ea7b4c846eef5044194f583", size = 12410 },
    { url = "https://files.pythonhosted.org/packages/58/26/78f161d602fb03804118905e5faacafc0ec592bbad71aaee62537529813a/MarkupSafe-3.0.1-cp311-cp311-manylinux_2_17_aarch64.manylinux2014_aarch64.whl", hash = "sha256:973a371a55ce9ed333a3a0f8e0bcfae9e0d637711534bcb11e130af2ab9334e7", size = 24006 },
    { url = "https://files.pythonhosted.org/packages/ae/1d/7d5ec8bcfd9c2db235d720fa51d818b7e2abc45250ce5f53dd6cb60409ca/MarkupSafe-3.0.1-cp311-cp311-manylinux_2_17_x86_64.manylinux2014_x86_64.whl", hash = "sha256:244dbe463d5fb6d7ce161301a03a6fe744dac9072328ba9fc82289238582697b", size = 23303 },
    { url = "https://files.pythonhosted.org/packages/26/ce/703ca3b03a709e3bd1fbffa407789e56b9fa664456538092617dd665fc1d/MarkupSafe-3.0.1-cp311-cp311-manylinux_2_5_i686.manylinux1_i686.manylinux_2_17_i686.manylinux2014_i686.whl", hash = "sha256:d98e66a24497637dd31ccab090b34392dddb1f2f811c4b4cd80c230205c074a3", size = 23205 },
    { url = "https://files.pythonhosted.org/packages/88/60/40be0493decabc2344b12d3a709fd6ccdd15a5ebaee1e8d878315d107ad3/MarkupSafe-3.0.1-cp311-cp311-musllinux_1_2_aarch64.whl", hash = "sha256:ad91738f14eb8da0ff82f2acd0098b6257621410dcbd4df20aaa5b4233d75a50", size = 23684 },
    { url = "https://files.pythonhosted.org/packages/6d/f8/8fd52a66e8f62a9add62b4a0b5a3ab4092027437f2ef027f812d94ae91cf/MarkupSafe-3.0.1-cp311-cp311-musllinux_1_2_i686.whl", hash = "sha256:7044312a928a66a4c2a22644147bc61a199c1709712069a344a3fb5cfcf16915", size = 23472 },
    { url = "https://files.pythonhosted.org/packages/d4/0b/998b17b9e06ea45ad1646fea586f1b83d02dfdb14d47dd2fd81fba5a08c9/MarkupSafe-3.0.1-cp311-cp311-musllinux_1_2_x86_64.whl", hash = "sha256:a4792d3b3a6dfafefdf8e937f14906a51bd27025a36f4b188728a73382231d91", size = 23388 },
    { url = "https://files.pythonhosted.org/packages/5a/57/b6b7aa23b2e26d68d601718f8ce3161fbdaf967b31752c7dec52bef828c9/MarkupSafe-3.0.1-cp311-cp311-win32.whl", hash = "sha256:fa7d686ed9883f3d664d39d5a8e74d3c5f63e603c2e3ff0abcba23eac6542635", size = 15106 },
    { url = "https://files.pythonhosted.org/packages/fc/b5/20cb1d714596acb553c810009c8004c809823947da63e13c19a7decfcb6c/MarkupSafe-3.0.1-cp311-cp311-win_amd64.whl", hash = "sha256:9ba25a71ebf05b9bb0e2ae99f8bc08a07ee8e98c612175087112656ca0f5c8bf", size = 15542 },
    { url = "https://files.pythonhosted.org/packages/45/6d/72ed58d42a12bd9fc288dbff6dd8d03ea973a232ac0538d7f88d105b5251/MarkupSafe-3.0.1-cp312-cp312-macosx_10_13_universal2.whl", hash = "sha256:8ae369e84466aa70f3154ee23c1451fda10a8ee1b63923ce76667e3077f2b0c4", size = 14322 },
    { url = "https://files.pythonhosted.org/packages/86/f5/241238f89cdd6461ac9f521af8389f9a48fab97e4f315c69e9e0d52bc919/MarkupSafe-3.0.1-cp312-cp312-macosx_11_0_arm64.whl", hash = "sha256:40f1e10d51c92859765522cbd79c5c8989f40f0419614bcdc5015e7b6bf97fc5", size = 12380 },
    { url = "https://files.pythonhosted.org/packages/27/94/79751928bca5841416d8ca02e22198672e021d5c7120338e2a6e3771f8fc/MarkupSafe-3.0.1-cp312-cp312-manylinux_2_17_aarch64.manylinux2014_aarch64.whl", hash = "sha256:5a4cb365cb49b750bdb60b846b0c0bc49ed62e59a76635095a179d440540c346", size = 24099 },
    { url = "https://files.pythonhosted.org/packages/10/6e/1b8070bbfc467429c7983cd5ffd4ec57e1d501763d974c7caaa0a9a79f4c/MarkupSafe-3.0.1-cp312-cp312-manylinux_2_17_x86_64.manylinux2014_x86_64.whl", hash = "sha256:ee3941769bd2522fe39222206f6dd97ae83c442a94c90f2b7a25d847d40f4729", size = 23249 },
    { url = "https://files.pythonhosted.org/packages/66/50/9389ae6cdff78d7481a2a2641830b5eb1d1f62177550e73355a810a889c9/MarkupSafe-3.0.1-cp312-cp312-manylinux_2_5_i686.manylinux1_i686.manylinux_2_17_i686.manylinux2014_i686.whl", hash = "sha256:62fada2c942702ef8952754abfc1a9f7658a4d5460fabe95ac7ec2cbe0d02abc", size = 23149 },
    { url = "https://files.pythonhosted.org/packages/16/02/5dddff5366fde47133186efb847fa88bddef85914bbe623e25cfeccb3517/MarkupSafe-3.0.1-cp312-cp312-musllinux_1_2_aarch64.whl", hash = "sha256:4c2d64fdba74ad16138300815cfdc6ab2f4647e23ced81f59e940d7d4a1469d9", size = 23864 },
    { url = "https://files.pythonhosted.org/packages/f3/f1/700ee6655561cfda986e03f7afc309e3738918551afa7dedd99225586227/MarkupSafe-3.0.1-cp312-cp312-musllinux_1_2_i686.whl", hash = "sha256:fb532dd9900381d2e8f48172ddc5a59db4c445a11b9fab40b3b786da40d3b56b", size = 23440 },
    { url = "https://files.pythonhosted.org/packages/fb/3e/d26623ac7f16709823b4c80e0b4a1c9196eeb46182a6c1d47b5e0c8434f4/MarkupSafe-3.0.1-cp312-cp312-musllinux_1_2_x86_64.whl", hash = "sha256:0f84af7e813784feb4d5e4ff7db633aba6c8ca64a833f61d8e4eade234ef0c38", size = 23610 },
    { url = "https://files.pythonhosted.org/packages/51/04/1f8da0810c39cb9fcff96b6baed62272c97065e9cf11471965a161439e20/MarkupSafe-3.0.1-cp312-cp312-win32.whl", hash = "sha256:cbf445eb5628981a80f54087f9acdbf84f9b7d862756110d172993b9a5ae81aa", size = 15113 },
    { url = "https://files.pythonhosted.org/packages/eb/24/a36dc37365bdd358b1e583cc40475593e36ab02cb7da6b3d0b9c05b0da7a/MarkupSafe-3.0.1-cp312-cp312-win_amd64.whl", hash = "sha256:a10860e00ded1dd0a65b83e717af28845bb7bd16d8ace40fe5531491de76b79f", size = 15611 },
    { url = "https://files.pythonhosted.org/packages/b1/60/4572a8aa1beccbc24b133aa0670781a5d2697f4fa3fecf0a87b46383174b/MarkupSafe-3.0.1-cp313-cp313-macosx_10_13_universal2.whl", hash = "sha256:e81c52638315ff4ac1b533d427f50bc0afc746deb949210bc85f05d4f15fd772", size = 14325 },
    { url = "https://files.pythonhosted.org/packages/38/42/849915b99a765ec104bfd07ee933de5fc9c58fa9570efa7db81717f495d8/MarkupSafe-3.0.1-cp313-cp313-macosx_11_0_arm64.whl", hash = "sha256:312387403cd40699ab91d50735ea7a507b788091c416dd007eac54434aee51da", size = 12373 },
    { url = "https://files.pythonhosted.org/packages/ef/82/4caaebd963c6d60b28e4445f38841d24f8b49bc10594a09956c9d73bfc08/MarkupSafe-3.0.1-cp313-cp313-manylinux_2_17_aarch64.manylinux2014_aarch64.whl", hash = "sha256:2ae99f31f47d849758a687102afdd05bd3d3ff7dbab0a8f1587981b58a76152a", size = 24059 },
    { url = "https://files.pythonhosted.org/packages/20/15/6b319be2f79fcfa3173f479d69f4e950b5c9b642db4f22cf73ae5ade745f/MarkupSafe-3.0.1-cp313-cp313-manylinux_2_17_x86_64.manylinux2014_x86_64.whl", hash = "sha256:c97ff7fedf56d86bae92fa0a646ce1a0ec7509a7578e1ed238731ba13aabcd1c", size = 23211 },
    { url = "https://files.pythonhosted.org/packages/9d/3f/8963bdf4962feb2154475acb7dc350f04217b5e0be7763a39b432291e229/MarkupSafe-3.0.1-cp313-cp313-manylinux_2_5_i686.manylinux1_i686.manylinux_2_17_i686.manylinux2014_i686.whl", hash = "sha256:a7420ceda262dbb4b8d839a4ec63d61c261e4e77677ed7c66c99f4e7cb5030dd", size = 23095 },
    { url = "https://files.pythonhosted.org/packages/af/93/f770bc70953d32de0c6ce4bcb76271512123a1ead91aaef625a020c5bfaf/MarkupSafe-3.0.1-cp313-cp313-musllinux_1_2_aarch64.whl", hash = "sha256:45d42d132cff577c92bfba536aefcfea7e26efb975bd455db4e6602f5c9f45e7", size = 23901 },
    { url = "https://files.pythonhosted.org/packages/11/92/1e5a33aa0a1190161238628fb68eb1bc5e67b56a5c89f0636328704b463a/MarkupSafe-3.0.1-cp313-cp313-musllinux_1_2_i686.whl", hash = "sha256:4c8817557d0de9349109acb38b9dd570b03cc5014e8aabf1cbddc6e81005becd", size = 23463 },
    { url = "https://files.pythonhosted.org/packages/0d/fe/657efdfe385d2a3a701f2c4fcc9577c63c438aeefdd642d0d956c4ecd225/MarkupSafe-3.0.1-cp313-cp313-musllinux_1_2_x86_64.whl", hash = "sha256:6a54c43d3ec4cf2a39f4387ad044221c66a376e58c0d0e971d47c475ba79c6b5", size = 23569 },
    { url = "https://files.pythonhosted.org/packages/cf/24/587dea40304046ace60f846cedaebc0d33d967a3ce46c11395a10e7a78ba/MarkupSafe-3.0.1-cp313-cp313-win32.whl", hash = "sha256:c91b394f7601438ff79a4b93d16be92f216adb57d813a78be4446fe0f6bc2d8c", size = 15117 },
    { url = "https://files.pythonhosted.org/packages/32/8f/d8961d633f26a011b4fe054f3bfff52f673423b8c431553268741dfb089e/MarkupSafe-3.0.1-cp313-cp313-win_amd64.whl", hash = "sha256:fe32482b37b4b00c7a52a07211b479653b7fe4f22b2e481b9a9b099d8a430f2f", size = 15613 },
    { url = "https://files.pythonhosted.org/packages/9e/93/d6367ffbcd0c5c371370767f768eaa32af60bc411245b8517e383c6a2b12/MarkupSafe-3.0.1-cp313-cp313t-macosx_10_13_universal2.whl", hash = "sha256:17b2aea42a7280db02ac644db1d634ad47dcc96faf38ab304fe26ba2680d359a", size = 14563 },
    { url = "https://files.pythonhosted.org/packages/4a/37/f813c3835747dec08fe19ac9b9eced01fdf93a4b3e626521675dc7f423a9/MarkupSafe-3.0.1-cp313-cp313t-macosx_11_0_arm64.whl", hash = "sha256:852dc840f6d7c985603e60b5deaae1d89c56cb038b577f6b5b8c808c97580f1d", size = 12505 },
    { url = "https://files.pythonhosted.org/packages/72/bf/800b4d1580298ca91ccd6c95915bbd147142dad1b8cf91d57b93b28670dd/MarkupSafe-3.0.1-cp313-cp313t-manylinux_2_17_aarch64.manylinux2014_aarch64.whl", hash = "sha256:0778de17cff1acaeccc3ff30cd99a3fd5c50fc58ad3d6c0e0c4c58092b859396", size = 25358 },
    { url = "https://files.pythonhosted.org/packages/fd/78/26e209abc8f0a379f031f0acc151231974e5b153d7eda5759d17d8f329f2/MarkupSafe-3.0.1-cp313-cp313t-manylinux_2_17_x86_64.manylinux2014_x86_64.whl", hash = "sha256:800100d45176652ded796134277ecb13640c1a537cad3b8b53da45aa96330453", size = 23797 },
    { url = "https://files.pythonhosted.org/packages/09/e1/918496a9390891756efee818880e71c1bbaf587f4dc8ede3f3852357310a/MarkupSafe-3.0.1-cp313-cp313t-manylinux_2_5_i686.manylinux1_i686.manylinux_2_17_i686.manylinux2014_i686.whl", hash = "sha256:d06b24c686a34c86c8c1fba923181eae6b10565e4d80bdd7bc1c8e2f11247aa4", size = 23743 },
    { url = "https://files.pythonhosted.org/packages/cd/c6/26f576cd58d6c2decd9045e4e3f3c5dbc01ea6cb710916e7bbb6ebd95b6b/MarkupSafe-3.0.1-cp313-cp313t-musllinux_1_2_aarch64.whl", hash = "sha256:33d1c36b90e570ba7785dacd1faaf091203d9942bc036118fab8110a401eb1a8", size = 25076 },
    { url = "https://files.pythonhosted.org/packages/b5/fa/10b24fb3b0e15fe5389dc88ecc6226ede08297e0ba7130610efbe0cdfb27/MarkupSafe-3.0.1-cp313-cp313t-musllinux_1_2_i686.whl", hash = "sha256:beeebf760a9c1f4c07ef6a53465e8cfa776ea6a2021eda0d0417ec41043fe984", size = 24037 },
    { url = "https://files.pythonhosted.org/packages/c8/81/4b3f5537d9f6cc4f5c80d6c4b78af9a5247fd37b5aba95807b2cbc336b9a/MarkupSafe-3.0.1-cp313-cp313t-musllinux_1_2_x86_64.whl", hash = "sha256:bbde71a705f8e9e4c3e9e33db69341d040c827c7afa6789b14c6e16776074f5a", size = 24015 },
    { url = "https://files.pythonhosted.org/packages/5f/07/8e8dcecd53216c5e01a51e84c32a2bce166690ed19c184774b38cd41921d/MarkupSafe-3.0.1-cp313-cp313t-win32.whl", hash = "sha256:82b5dba6eb1bcc29cc305a18a3c5365d2af06ee71b123216416f7e20d2a84e5b", size = 15213 },
    { url = "https://files.pythonhosted.org/packages/0d/87/4c364e0f109eea2402079abecbe33fef4f347b551a11423d1f4e187ea497/MarkupSafe-3.0.1-cp313-cp313t-win_amd64.whl", hash = "sha256:730d86af59e0e43ce277bb83970530dd223bf7f2a838e086b50affa6ec5f9295", size = 15741 },
]

[[package]]
name = "morphers"
version = "0.1.0"
source = { virtual = "." }
dependencies = [
    { name = "numpy" },
    { name = "polars" },
    { name = "torch" },
]

[package.metadata]
requires-dist = [
    { name = "numpy", specifier = ">=1.26" },
    { name = "polars", specifier = ">=0.20" },
    { name = "torch", specifier = ">=2.0" },
]

[[package]]
name = "mpmath"
version = "1.3.0"
source = { registry = "https://pypi.org/simple" }
sdist = { url = "https://files.pythonhosted.org/packages/e0/47/dd32fa426cc72114383ac549964eecb20ecfd886d1e5ccf5340b55b02f57/mpmath-1.3.0.tar.gz", hash = "sha256:7a28eb2a9774d00c7bc92411c19a89209d5da7c4c9a9e227be8330a23a25b91f", size = 508106 }
wheels = [
    { url = "https://files.pythonhosted.org/packages/43/e3/7d92a15f894aa0c9c4b49b8ee9ac9850d6e63b03c9c32c0367a13ae62209/mpmath-1.3.0-py3-none-any.whl", hash = "sha256:a0b2b9fe80bbcd81a6647ff13108738cfb482d481d826cc0e02f5b35e5c88d2c", size = 536198 },
]

[[package]]
name = "networkx"
version = "3.3"
source = { registry = "https://pypi.org/simple" }
sdist = { url = "https://files.pythonhosted.org/packages/04/e6/b164f94c869d6b2c605b5128b7b0cfe912795a87fc90e78533920001f3ec/networkx-3.3.tar.gz", hash = "sha256:0c127d8b2f4865f59ae9cb8aafcd60b5c70f3241ebd66f7defad7c4ab90126c9", size = 2126579 }
wheels = [
    { url = "https://files.pythonhosted.org/packages/38/e9/5f72929373e1a0e8d142a130f3f97e6ff920070f87f91c4e13e40e0fba5a/networkx-3.3-py3-none-any.whl", hash = "sha256:28575580c6ebdaf4505b22c6256a2b9de86b316dc63ba9e93abde3d78dfdbcf2", size = 1702396 },
]

[[package]]
name = "numpy"
version = "2.1.2"
source = { registry = "https://pypi.org/simple" }
sdist = { url = "https://files.pythonhosted.org/packages/4b/d1/8a730ea07f4a37d94f9172f4ce1d81064b7a64766b460378be278952de75/numpy-2.1.2.tar.gz", hash = "sha256:13532a088217fa624c99b843eeb54640de23b3414b14aa66d023805eb731066c", size = 18878063 }
wheels = [
    { url = "https://files.pythonhosted.org/packages/1c/a2/40a76d357f168e9f9f06d6cc2c8e22dd5fb2bfbe63fe2c433057258c145a/numpy-2.1.2-cp310-cp310-macosx_10_9_x86_64.whl", hash = "sha256:30d53720b726ec36a7f88dc873f0eec8447fbc93d93a8f079dfac2629598d6ee", size = 21150947 },
    { url = "https://files.pythonhosted.org/packages/b5/d0/ba271ea9108d7278d3889a7eb38d77370a88713fb94339964e71ac184d4a/numpy-2.1.2-cp310-cp310-macosx_11_0_arm64.whl", hash = "sha256:e8d3ca0a72dd8846eb6f7dfe8f19088060fcb76931ed592d29128e0219652884", size = 13758184 },
    { url = "https://files.pythonhosted.org/packages/7c/b9/5c6507439cd756201010f7937bf90712c2469052ae094584af14557dd64f/numpy-2.1.2-cp310-cp310-macosx_14_0_arm64.whl", hash = "sha256:fc44e3c68ff00fd991b59092a54350e6e4911152682b4782f68070985aa9e648", size = 5354091 },
    { url = "https://files.pythonhosted.org/packages/60/21/7938cf724d9e84e45fb886f3fc794ab431d71facfebc261e3e9f19f3233a/numpy-2.1.2-cp310-cp310-macosx_14_0_x86_64.whl", hash = "sha256:7c1c60328bd964b53f8b835df69ae8198659e2b9302ff9ebb7de4e5a5994db3d", size = 6887169 },
    { url = "https://files.pythonhosted.org/packages/09/8d/42a124657f5d31902fca73921b25a0d022cead2b32ce7e6975762cd2995a/numpy-2.1.2-cp310-cp310-manylinux_2_17_aarch64.manylinux2014_aarch64.whl", hash = "sha256:6cdb606a7478f9ad91c6283e238544451e3a95f30fb5467fbf715964341a8a86", size = 13888165 },
    { url = "https://files.pythonhosted.org/packages/fb/25/ba023652a39a2c127200e85aed975fc6119b421e2c348e5d0171e2046edb/numpy-2.1.2-cp310-cp310-manylinux_2_17_x86_64.manylinux2014_x86_64.whl", hash = "sha256:d666cb72687559689e9906197e3bec7b736764df6a2e58ee265e360663e9baf7", size = 16326954 },
    { url = "https://files.pythonhosted.org/packages/34/58/23e6b07fad492b7c47cf09cd8bad6983658f0f925b6c535fd008e3e86274/numpy-2.1.2-cp310-cp310-musllinux_1_1_x86_64.whl", hash = "sha256:c6eef7a2dbd0abfb0d9eaf78b73017dbfd0b54051102ff4e6a7b2980d5ac1a03", size = 16702916 },
    { url = "https://files.pythonhosted.org/packages/91/24/37b5cf2dc7d385ac97f7b7fe50cba312abb70a2a5eac74c23af028811f73/numpy-2.1.2-cp310-cp310-musllinux_1_2_aarch64.whl", hash = "sha256:12edb90831ff481f7ef5f6bc6431a9d74dc0e5ff401559a71e5e4611d4f2d466", size = 14384372 },
    { url = "https://files.pythonhosted.org/packages/ea/ec/0f6d471058a01d1a05a50d2793898de1549280fa715a8537987ee866b5d9/numpy-2.1.2-cp310-cp310-win32.whl", hash = "sha256:a65acfdb9c6ebb8368490dbafe83c03c7e277b37e6857f0caeadbbc56e12f4fb", size = 6535361 },
    { url = "https://files.pythonhosted.org/packages/c2/3d/293cc5927f916a7bc6bf74da8f6defab63d1b13f0959d7e21878ad8a20d8/numpy-2.1.2-cp310-cp310-win_amd64.whl", hash = "sha256:860ec6e63e2c5c2ee5e9121808145c7bf86c96cca9ad396c0bd3e0f2798ccbe2", size = 12865501 },
    { url = "https://files.pythonhosted.org/packages/aa/9c/9a6ec3ae89cd0648d419781284308f2956d2a61d932b5ac9682c956a171b/numpy-2.1.2-cp311-cp311-macosx_10_9_x86_64.whl", hash = "sha256:b42a1a511c81cc78cbc4539675713bbcf9d9c3913386243ceff0e9429ca892fe", size = 21154845 },
    { url = "https://files.pythonhosted.org/packages/02/69/9f05c4ecc75fabf297b17743996371b4c3dfc4d92e15c5c38d8bb3db8d74/numpy-2.1.2-cp311-cp311-macosx_11_0_arm64.whl", hash = "sha256:faa88bc527d0f097abdc2c663cddf37c05a1c2f113716601555249805cf573f1", size = 13789409 },
    { url = "https://files.pythonhosted.org/packages/34/4e/f95c99217bf77bbfaaf660d693c10bd0dc03b6032d19316d316088c9e479/numpy-2.1.2-cp311-cp311-macosx_14_0_arm64.whl", hash = "sha256:c82af4b2ddd2ee72d1fc0c6695048d457e00b3582ccde72d8a1c991b808bb20f", size = 5352097 },
    { url = "https://files.pythonhosted.org/packages/06/13/f5d87a497c16658e9af8920449b0b5692b469586b8231340c672962071c5/numpy-2.1.2-cp311-cp311-macosx_14_0_x86_64.whl", hash = "sha256:13602b3174432a35b16c4cfb5de9a12d229727c3dd47a6ce35111f2ebdf66ff4", size = 6891195 },
    { url = "https://files.pythonhosted.org/packages/6c/89/691ac07429ac061b344d5e37fa8e94be51a6017734aea15f2d9d7c6d119a/numpy-2.1.2-cp311-cp311-manylinux_2_17_aarch64.manylinux2014_aarch64.whl", hash = "sha256:1ebec5fd716c5a5b3d8dfcc439be82a8407b7b24b230d0ad28a81b61c2f4659a", size = 13895153 },
    { url = "https://files.pythonhosted.org/packages/23/69/538317f0d925095537745f12aced33be1570bbdc4acde49b33748669af96/numpy-2.1.2-cp311-cp311-manylinux_2_17_x86_64.manylinux2014_x86_64.whl", hash = "sha256:e2b49c3c0804e8ecb05d59af8386ec2f74877f7ca8fd9c1e00be2672e4d399b1", size = 16338306 },
    { url = "https://files.pythonhosted.org/packages/af/03/863fe7062c2106d3c151f7df9353f2ae2237c1dd6900f127a3eb1f24cb1b/numpy-2.1.2-cp311-cp311-musllinux_1_1_x86_64.whl", hash = "sha256:2cbba4b30bf31ddbe97f1c7205ef976909a93a66bb1583e983adbd155ba72ac2", size = 16710893 },
    { url = "https://files.pythonhosted.org/packages/70/77/0ad9efe25482009873f9660d29a40a8c41a6f0e8b541195e3c95c70684c5/numpy-2.1.2-cp311-cp311-musllinux_1_2_aarch64.whl", hash = "sha256:8e00ea6fc82e8a804433d3e9cedaa1051a1422cb6e443011590c14d2dea59146", size = 14398048 },
    { url = "https://files.pythonhosted.org/packages/3e/0f/e785fe75544db9f2b0bb1c181e13ceff349ce49753d807fd9672916aa06d/numpy-2.1.2-cp311-cp311-win32.whl", hash = "sha256:5006b13a06e0b38d561fab5ccc37581f23c9511879be7693bd33c7cd15ca227c", size = 6533458 },
    { url = "https://files.pythonhosted.org/packages/d4/96/450054662295125af861d48d2c4bc081dadcf1974a879b2104613157aa62/numpy-2.1.2-cp311-cp311-win_amd64.whl", hash = "sha256:f1eb068ead09f4994dec71c24b2844f1e4e4e013b9629f812f292f04bd1510d9", size = 12870896 },
    { url = "https://files.pythonhosted.org/packages/a0/7d/554a6838f37f3ada5a55f25173c619d556ae98092a6e01afb6e710501d70/numpy-2.1.2-cp312-cp312-macosx_10_13_x86_64.whl", hash = "sha256:d7bf0a4f9f15b32b5ba53147369e94296f5fffb783db5aacc1be15b4bf72f43b", size = 20848077 },
    { url = "https://files.pythonhosted.org/packages/b0/29/cb48a402ea879e645b16218718f3f7d9588a77d674a9dcf22e4c43487636/numpy-2.1.2-cp312-cp312-macosx_11_0_arm64.whl", hash = "sha256:b1d0fcae4f0949f215d4632be684a539859b295e2d0cb14f78ec231915d644db", size = 13493242 },
    { url = "https://files.pythonhosted.org/packages/56/44/f899b0581766c230da42f751b7b8896d096640b19b312164c267e48d36cb/numpy-2.1.2-cp312-cp312-macosx_14_0_arm64.whl", hash = "sha256:f751ed0a2f250541e19dfca9f1eafa31a392c71c832b6bb9e113b10d050cb0f1", size = 5089219 },
    { url = "https://files.pythonhosted.org/packages/79/8f/b987070d45161a7a4504afc67ed38544ed2c0ed5576263599a0402204a9c/numpy-2.1.2-cp312-cp312-macosx_14_0_x86_64.whl", hash = "sha256:bd33f82e95ba7ad632bc57837ee99dba3d7e006536200c4e9124089e1bf42426", size = 6620167 },
    { url = "https://files.pythonhosted.org/packages/c4/a7/af3329fda3c3ec31d9b650e42bbcd3422fc62a765cbb1405fde4177a0996/numpy-2.1.2-cp312-cp312-manylinux_2_17_aarch64.manylinux2014_aarch64.whl", hash = "sha256:1b8cde4f11f0a975d1fd59373b32e2f5a562ade7cde4f85b7137f3de8fbb29a0", size = 13604905 },
    { url = "https://files.pythonhosted.org/packages/9b/b4/e3c7e6fab0f77fff6194afa173d1f2342073d91b1d3b4b30b17c3fb4407a/numpy-2.1.2-cp312-cp312-manylinux_2_17_x86_64.manylinux2014_x86_64.whl", hash = "sha256:6d95f286b8244b3649b477ac066c6906fbb2905f8ac19b170e2175d3d799f4df", size = 16041825 },
    { url = "https://files.pythonhosted.org/packages/e9/50/6828e66a78aa03147c111f84d55f33ce2dde547cb578d6744a3b06a0124b/numpy-2.1.2-cp312-cp312-musllinux_1_1_x86_64.whl", hash = "sha256:ab4754d432e3ac42d33a269c8567413bdb541689b02d93788af4131018cbf366", size = 16409541 },
    { url = "https://files.pythonhosted.org/packages/bf/72/66af7916d9c3c6dbfbc8acdd4930c65461e1953374a2bc43d00f948f004a/numpy-2.1.2-cp312-cp312-musllinux_1_2_aarch64.whl", hash = "sha256:e585c8ae871fd38ac50598f4763d73ec5497b0de9a0ab4ef5b69f01c6a046142", size = 14081134 },
    { url = "https://files.pythonhosted.org/packages/dc/5a/59a67d84f33fe00ae74f0b5b69dd4f93a586a4aba7f7e19b54b2133db038/numpy-2.1.2-cp312-cp312-win32.whl", hash = "sha256:9c6c754df29ce6a89ed23afb25550d1c2d5fdb9901d9c67a16e0b16eaf7e2550", size = 6237784 },
    { url = "https://files.pythonhosted.org/packages/4c/79/73735a6a5dad6059c085f240a4e74c9270feccd2bc66e4d31b5ca01d329c/numpy-2.1.2-cp312-cp312-win_amd64.whl", hash = "sha256:456e3b11cb79ac9946c822a56346ec80275eaf2950314b249b512896c0d2505e", size = 12568254 },
    { url = "https://files.pythonhosted.org/packages/16/72/716fa1dbe92395a9a623d5049203ff8ddb0cfce65b9df9117c3696ccc011/numpy-2.1.2-cp313-cp313-macosx_10_13_x86_64.whl", hash = "sha256:a84498e0d0a1174f2b3ed769b67b656aa5460c92c9554039e11f20a05650f00d", size = 20834690 },
    { url = "https://files.pythonhosted.org/packages/1e/fb/3e85a39511586053b5c6a59a643879e376fae22230ebfef9cfabb0e032e2/numpy-2.1.2-cp313-cp313-macosx_11_0_arm64.whl", hash = "sha256:4d6ec0d4222e8ffdab1744da2560f07856421b367928026fb540e1945f2eeeaf", size = 13507474 },
    { url = "https://files.pythonhosted.org/packages/35/eb/5677556d9ba13436dab51e129f98d4829d95cd1b6bd0e199c14485a4bdb9/numpy-2.1.2-cp313-cp313-macosx_14_0_arm64.whl", hash = "sha256:259ec80d54999cc34cd1eb8ded513cb053c3bf4829152a2e00de2371bd406f5e", size = 5074742 },
    { url = "https://files.pythonhosted.org/packages/3e/c5/6c5ef5ba41b65a7e51bed50dbf3e1483eb578055633dd013e811a28e96a1/numpy-2.1.2-cp313-cp313-macosx_14_0_x86_64.whl", hash = "sha256:675c741d4739af2dc20cd6c6a5c4b7355c728167845e3c6b0e824e4e5d36a6c3", size = 6606787 },
    { url = "https://files.pythonhosted.org/packages/08/ac/f2f29dd4fd325b379c7dc932a0ebab22f0e031dbe80b2f6019b291a3a544/numpy-2.1.2-cp313-cp313-manylinux_2_17_aarch64.manylinux2014_aarch64.whl", hash = "sha256:05b2d4e667895cc55e3ff2b56077e4c8a5604361fc21a042845ea3ad67465aa8", size = 13601333 },
    { url = "https://files.pythonhosted.org/packages/44/26/63f5f4e5089654dfb858f4892215ed968cd1a68e6f4a83f9961f84f855cb/numpy-2.1.2-cp313-cp313-manylinux_2_17_x86_64.manylinux2014_x86_64.whl", hash = "sha256:43cca367bf94a14aca50b89e9bc2061683116cfe864e56740e083392f533ce7a", size = 16038090 },
    { url = "https://files.pythonhosted.org/packages/1d/21/015e0594de9c3a8d5edd24943d2bd23f102ec71aec026083f822f86497e2/numpy-2.1.2-cp313-cp313-musllinux_1_1_x86_64.whl", hash = "sha256:76322dcdb16fccf2ac56f99048af32259dcc488d9b7e25b51e5eca5147a3fb98", size = 16410865 },
    { url = "https://files.pythonhosted.org/packages/df/01/c1bcf9e6025d79077fbf3f3ee503b50aa7bfabfcd8f4b54f5829f4c00f3f/numpy-2.1.2-cp313-cp313-musllinux_1_2_aarch64.whl", hash = "sha256:32e16a03138cabe0cb28e1007ee82264296ac0983714094380b408097a418cfe", size = 14078077 },
    { url = "https://files.pythonhosted.org/packages/ba/06/db9d127d63bd11591770ba9f3d960f8041e0f895184b9351d4b1b5b56983/numpy-2.1.2-cp313-cp313-win32.whl", hash = "sha256:242b39d00e4944431a3cd2db2f5377e15b5785920421993770cddb89992c3f3a", size = 6234904 },
    { url = "https://files.pythonhosted.org/packages/a9/96/9f61f8f95b6e0ea0aa08633b704c75d1882bdcb331bdf8bfd63263b25b00/numpy-2.1.2-cp313-cp313-win_amd64.whl", hash = "sha256:f2ded8d9b6f68cc26f8425eda5d3877b47343e68ca23d0d0846f4d312ecaa445", size = 12561910 },
    { url = "https://files.pythonhosted.org/packages/36/b8/033f627821784a48e8f75c218033471eebbaacdd933f8979c79637a1b44b/numpy-2.1.2-cp313-cp313t-macosx_10_13_x86_64.whl", hash = "sha256:2ffef621c14ebb0188a8633348504a35c13680d6da93ab5cb86f4e54b7e922b5", size = 20857719 },
    { url = "https://files.pythonhosted.org/packages/96/46/af5726fde5b74ed83f2f17a73386d399319b7ed4d51279fb23b721d0816d/numpy-2.1.2-cp313-cp313t-macosx_11_0_arm64.whl", hash = "sha256:ad369ed238b1959dfbade9018a740fb9392c5ac4f9b5173f420bd4f37ba1f7a0", size = 13518826 },
    { url = "https://files.pythonhosted.org/packages/db/6e/8ce677edf36da1c4dae80afe5529f47690697eb55b4864673af260ccea7b/numpy-2.1.2-cp313-cp313t-macosx_14_0_arm64.whl", hash = "sha256:d82075752f40c0ddf57e6e02673a17f6cb0f8eb3f587f63ca1eaab5594da5b17", size = 5115036 },
    { url = "https://files.pythonhosted.org/packages/6a/ba/3cce44fb1b8438042c11847048812a776f75ee0e7070179c22e4cfbf420c/numpy-2.1.2-cp313-cp313t-macosx_14_0_x86_64.whl", hash = "sha256:1600068c262af1ca9580a527d43dc9d959b0b1d8e56f8a05d830eea39b7c8af6", size = 6628641 },
    { url = "https://files.pythonhosted.org/packages/59/c8/e722998720ccbd35ffbcf1d1b8ed0aa2304af88d3f1c38e06ebf983599b3/numpy-2.1.2-cp313-cp313t-manylinux_2_17_aarch64.manylinux2014_aarch64.whl", hash = "sha256:a26ae94658d3ba3781d5e103ac07a876b3e9b29db53f68ed7df432fd033358a8", size = 13574803 },
    { url = "https://files.pythonhosted.org/packages/7c/8e/fc1fdd83a55476765329ac2913321c4aed5b082a7915095628c4ca30ea72/numpy-2.1.2-cp313-cp313t-manylinux_2_17_x86_64.manylinux2014_x86_64.whl", hash = "sha256:13311c2db4c5f7609b462bc0f43d3c465424d25c626d95040f073e30f7570e35", size = 16021174 },
    { url = "https://files.pythonhosted.org/packages/2a/b6/a790742aa88067adb4bd6c89a946778c1417d4deaeafce3ca928f26d4c52/numpy-2.1.2-cp313-cp313t-musllinux_1_1_x86_64.whl", hash = "sha256:2abbf905a0b568706391ec6fa15161fad0fb5d8b68d73c461b3c1bab6064dd62", size = 16400117 },
    { url = "https://files.pythonhosted.org/packages/48/6f/129e3c17e3befe7fefdeaa6890f4c4df3f3cf0831aa053802c3862da67aa/numpy-2.1.2-cp313-cp313t-musllinux_1_2_aarch64.whl", hash = "sha256:ef444c57d664d35cac4e18c298c47d7b504c66b17c2ea91312e979fcfbdfb08a", size = 14066202 },
    { url = "https://files.pythonhosted.org/packages/73/c9/3e1d6bbe6d3d2e2c5a9483b24b2f29a229b323f62054278a3bba7fee11e5/numpy-2.1.2-pp310-pypy310_pp73-macosx_10_15_x86_64.whl", hash = "sha256:bdd407c40483463898b84490770199d5714dcc9dd9b792f6c6caccc523c00952", size = 20981945 },
    { url = "https://files.pythonhosted.org/packages/6e/62/989c4988bde1a8e08117fccc3bab73d2886421fb98cde597168714f3c54e/numpy-2.1.2-pp310-pypy310_pp73-macosx_14_0_x86_64.whl", hash = "sha256:da65fb46d4cbb75cb417cddf6ba5e7582eb7bb0b47db4b99c9fe5787ce5d91f5", size = 6750558 },
    { url = "https://files.pythonhosted.org/packages/53/b1/00ef9f30975f1312a53257f68e57b4513d14d537e03d507e2773a684b1e8/numpy-2.1.2-pp310-pypy310_pp73-manylinux_2_17_x86_64.manylinux2014_x86_64.whl", hash = "sha256:1c193d0b0238638e6fc5f10f1b074a6993cb13b0b431f64079a509d63d3aa8b7", size = 16141552 },
    { url = "https://files.pythonhosted.org/packages/c0/ec/0c04903b48dfea6be1d7b47ba70f98709fb7198fd970784a1400c391d522/numpy-2.1.2-pp310-pypy310_pp73-win_amd64.whl", hash = "sha256:a7d80b2e904faa63068ead63107189164ca443b42dd1930299e0d1cb041cec2e", size = 12789924 },
]

[[package]]
name = "nvidia-cublas-cu12"
version = "12.1.3.1"
source = { registry = "https://pypi.org/simple" }
wheels = [
    { url = "https://files.pythonhosted.org/packages/37/6d/121efd7382d5b0284239f4ab1fc1590d86d34ed4a4a2fdb13b30ca8e5740/nvidia_cublas_cu12-12.1.3.1-py3-none-manylinux1_x86_64.whl", hash = "sha256:ee53ccca76a6fc08fb9701aa95b6ceb242cdaab118c3bb152af4e579af792728", size = 410594774 },
]

[[package]]
name = "nvidia-cuda-cupti-cu12"
version = "12.1.105"
source = { registry = "https://pypi.org/simple" }
wheels = [
    { url = "https://files.pythonhosted.org/packages/7e/00/6b218edd739ecfc60524e585ba8e6b00554dd908de2c9c66c1af3e44e18d/nvidia_cuda_cupti_cu12-12.1.105-py3-none-manylinux1_x86_64.whl", hash = "sha256:e54fde3983165c624cb79254ae9818a456eb6e87a7fd4d56a2352c24ee542d7e", size = 14109015 },
]

[[package]]
name = "nvidia-cuda-nvrtc-cu12"
version = "12.1.105"
source = { registry = "https://pypi.org/simple" }
wheels = [
    { url = "https://files.pythonhosted.org/packages/b6/9f/c64c03f49d6fbc56196664d05dba14e3a561038a81a638eeb47f4d4cfd48/nvidia_cuda_nvrtc_cu12-12.1.105-py3-none-manylinux1_x86_64.whl", hash = "sha256:339b385f50c309763ca65456ec75e17bbefcbbf2893f462cb8b90584cd27a1c2", size = 23671734 },
]

[[package]]
name = "nvidia-cuda-runtime-cu12"
version = "12.1.105"
source = { registry = "https://pypi.org/simple" }
wheels = [
    { url = "https://files.pythonhosted.org/packages/eb/d5/c68b1d2cdfcc59e72e8a5949a37ddb22ae6cade80cd4a57a84d4c8b55472/nvidia_cuda_runtime_cu12-12.1.105-py3-none-manylinux1_x86_64.whl", hash = "sha256:6e258468ddf5796e25f1dc591a31029fa317d97a0a94ed93468fc86301d61e40", size = 823596 },
]

[[package]]
name = "nvidia-cudnn-cu12"
version = "9.1.0.70"
source = { registry = "https://pypi.org/simple" }
dependencies = [
    { name = "nvidia-cublas-cu12" },
]
wheels = [
    { url = "https://files.pythonhosted.org/packages/9f/fd/713452cd72343f682b1c7b9321e23829f00b842ceaedcda96e742ea0b0b3/nvidia_cudnn_cu12-9.1.0.70-py3-none-manylinux2014_x86_64.whl", hash = "sha256:165764f44ef8c61fcdfdfdbe769d687e06374059fbb388b6c89ecb0e28793a6f", size = 664752741 },
]

[[package]]
name = "nvidia-cufft-cu12"
version = "11.0.2.54"
source = { registry = "https://pypi.org/simple" }
wheels = [
    { url = "https://files.pythonhosted.org/packages/86/94/eb540db023ce1d162e7bea9f8f5aa781d57c65aed513c33ee9a5123ead4d/nvidia_cufft_cu12-11.0.2.54-py3-none-manylinux1_x86_64.whl", hash = "sha256:794e3948a1aa71fd817c3775866943936774d1c14e7628c74f6f7417224cdf56", size = 121635161 },
]

[[package]]
name = "nvidia-curand-cu12"
version = "10.3.2.106"
source = { registry = "https://pypi.org/simple" }
wheels = [
    { url = "https://files.pythonhosted.org/packages/44/31/4890b1c9abc496303412947fc7dcea3d14861720642b49e8ceed89636705/nvidia_curand_cu12-10.3.2.106-py3-none-manylinux1_x86_64.whl", hash = "sha256:9d264c5036dde4e64f1de8c50ae753237c12e0b1348738169cd0f8a536c0e1e0", size = 56467784 },
]

[[package]]
name = "nvidia-cusolver-cu12"
version = "11.4.5.107"
source = { registry = "https://pypi.org/simple" }
dependencies = [
    { name = "nvidia-cublas-cu12" },
    { name = "nvidia-cusparse-cu12" },
    { name = "nvidia-nvjitlink-cu12" },
]
wheels = [
    { url = "https://files.pythonhosted.org/packages/bc/1d/8de1e5c67099015c834315e333911273a8c6aaba78923dd1d1e25fc5f217/nvidia_cusolver_cu12-11.4.5.107-py3-none-manylinux1_x86_64.whl", hash = "sha256:8a7ec542f0412294b15072fa7dab71d31334014a69f953004ea7a118206fe0dd", size = 124161928 },
]

[[package]]
name = "nvidia-cusparse-cu12"
version = "12.1.0.106"
source = { registry = "https://pypi.org/simple" }
dependencies = [
    { name = "nvidia-nvjitlink-cu12" },
]
wheels = [
    { url = "https://files.pythonhosted.org/packages/65/5b/cfaeebf25cd9fdec14338ccb16f6b2c4c7fa9163aefcf057d86b9cc248bb/nvidia_cusparse_cu12-12.1.0.106-py3-none-manylinux1_x86_64.whl", hash = "sha256:f3b50f42cf363f86ab21f720998517a659a48131e8d538dc02f8768237bd884c", size = 195958278 },
]

[[package]]
name = "nvidia-nccl-cu12"
version = "2.20.5"
source = { registry = "https://pypi.org/simple" }
wheels = [
    { url = "https://files.pythonhosted.org/packages/c1/bb/d09dda47c881f9ff504afd6f9ca4f502ded6d8fc2f572cacc5e39da91c28/nvidia_nccl_cu12-2.20.5-py3-none-manylinux2014_aarch64.whl", hash = "sha256:1fc150d5c3250b170b29410ba682384b14581db722b2531b0d8d33c595f33d01", size = 176238458 },
    { url = "https://files.pythonhosted.org/packages/4b/2a/0a131f572aa09f741c30ccd45a8e56316e8be8dfc7bc19bf0ab7cfef7b19/nvidia_nccl_cu12-2.20.5-py3-none-manylinux2014_x86_64.whl", hash = "sha256:057f6bf9685f75215d0c53bf3ac4a10b3e6578351de307abad9e18a99182af56", size = 176249402 },
]

[[package]]
name = "nvidia-nvjitlink-cu12"
version = "12.6.77"
source = { registry = "https://pypi.org/simple" }
wheels = [
    { url = "https://files.pythonhosted.org/packages/11/8c/386018fdffdce2ff8d43fedf192ef7d14cab7501cbf78a106dd2e9f1fc1f/nvidia_nvjitlink_cu12-12.6.77-py3-none-manylinux2014_aarch64.whl", hash = "sha256:3bf10d85bb1801e9c894c6e197e44dd137d2a0a9e43f8450e9ad13f2df0dd52d", size = 19270432 },
    { url = "https://files.pythonhosted.org/packages/fe/e4/486de766851d58699bcfeb3ba6a3beb4d89c3809f75b9d423b9508a8760f/nvidia_nvjitlink_cu12-12.6.77-py3-none-manylinux2014_x86_64.whl", hash = "sha256:9ae346d16203ae4ea513be416495167a0101d33d2d14935aa9c1829a3fb45142", size = 19745114 },
]

[[package]]
name = "nvidia-nvtx-cu12"
version = "12.1.105"
source = { registry = "https://pypi.org/simple" }
wheels = [
    { url = "https://files.pythonhosted.org/packages/da/d3/8057f0587683ed2fcd4dbfbdfdfa807b9160b809976099d36b8f60d08f03/nvidia_nvtx_cu12-12.1.105-py3-none-manylinux1_x86_64.whl", hash = "sha256:dc21cf308ca5691e7c04d962e213f8a4aa9bbfa23d95412f452254c2caeb09e5", size = 99138 },
]

[[package]]
name = "polars"
version = "1.9.0"
source = { registry = "https://pypi.org/simple" }
sdist = { url = "https://files.pythonhosted.org/packages/53/09/c2fb0b231d551e0c8e68097d08577712bdff1ba91346cda8228e769602f5/polars-1.9.0.tar.gz", hash = "sha256:8e1206ef876f61c1d50a81e102611ea92ee34631cb135b46ad314bfefd3cb122", size = 4027431 }
wheels = [
    { url = "https://files.pythonhosted.org/packages/64/cc/3d0292048d8f9045a03510aeecda2e6ed9df451ae8853274946ff841f98b/polars-1.9.0-cp38-abi3-macosx_10_12_x86_64.whl", hash = "sha256:a471d2ce96f6fa5dd0ef16bcdb227f3dbe3af8acb776ca52f9e64ef40c7489a0", size = 31870933 },
    { url = "https://files.pythonhosted.org/packages/ee/be/15af97f4d8b775630da16a8bf0141507d9c0ae5f2637b9a27ed337b3b1ba/polars-1.9.0-cp38-abi3-macosx_11_0_arm64.whl", hash = "sha256:94b12d731cd200d2c50b13fc070d6353f708e632bca6529c5a72aa6a69e5285d", size = 28171055 },
    { url = "https://files.pythonhosted.org/packages/bb/57/b286b317f061d8f17bab4726a27e7b185fbf3d3db65cf689074256ea34a9/polars-1.9.0-cp38-abi3-manylinux_2_17_x86_64.manylinux2014_x86_64.whl", hash = "sha256:f85f132732aa63c6f3b502b0fdfc3ba9f0b78cc6330059b5a2d6f9fd78508acb", size = 33063367 },
    { url = "https://files.pythonhosted.org/packages/e5/25/bf5d43dcb538bf6573b15f3d5995a52be61b8fbce0cd737e72c4d25eef88/polars-1.9.0-cp38-abi3-manylinux_2_24_aarch64.whl", hash = "sha256:f753c8941a3b3249d59262d68a856714a96a7d4e16977aefbb196be0c192e151", size = 29764698 },
    { url = "https://files.pythonhosted.org/packages/a6/cf/f9170a3ac20e0efb9d3c1cdacc677e35b711ffd5ec48a6d5f3da7b7d8663/polars-1.9.0-cp38-abi3-win_amd64.whl", hash = "sha256:95de07066cd797dd940fa2783708a7bef93c827a57be0f4dfad3575a6144212b", size = 32819142 },
]

[[package]]
name = "sympy"
version = "1.13.3"
source = { registry = "https://pypi.org/simple" }
dependencies = [
    { name = "mpmath" },
]
sdist = { url = "https://files.pythonhosted.org/packages/11/8a/5a7fd6284fa8caac23a26c9ddf9c30485a48169344b4bd3b0f02fef1890f/sympy-1.13.3.tar.gz", hash = "sha256:b27fd2c6530e0ab39e275fc9b683895367e51d5da91baa8d3d64db2565fec4d9", size = 7533196 }
wheels = [
    { url = "https://files.pythonhosted.org/packages/99/ff/c87e0622b1dadea79d2fb0b25ade9ed98954c9033722eb707053d310d4f3/sympy-1.13.3-py3-none-any.whl", hash = "sha256:54612cf55a62755ee71824ce692986f23c88ffa77207b30c1368eda4a7060f73", size = 6189483 },
]

[[package]]
name = "torch"
version = "2.4.1"
source = { registry = "https://pypi.org/simple" }
dependencies = [
    { name = "filelock" },
    { name = "fsspec" },
    { name = "jinja2" },
    { name = "networkx" },
    { name = "nvidia-cublas-cu12", marker = "platform_machine == 'x86_64' and platform_system == 'Linux'" },
    { name = "nvidia-cuda-cupti-cu12", marker = "platform_machine == 'x86_64' and platform_system == 'Linux'" },
    { name = "nvidia-cuda-nvrtc-cu12", marker = "platform_machine == 'x86_64' and platform_system == 'Linux'" },
    { name = "nvidia-cuda-runtime-cu12", marker = "platform_machine == 'x86_64' and platform_system == 'Linux'" },
    { name = "nvidia-cudnn-cu12", marker = "platform_machine == 'x86_64' and platform_system == 'Linux'" },
    { name = "nvidia-cufft-cu12", marker = "platform_machine == 'x86_64' and platform_system == 'Linux'" },
    { name = "nvidia-curand-cu12", marker = "platform_machine == 'x86_64' and platform_system == 'Linux'" },
    { name = "nvidia-cusolver-cu12", marker = "platform_machine == 'x86_64' and platform_system == 'Linux'" },
    { name = "nvidia-cusparse-cu12", marker = "platform_machine == 'x86_64' and platform_system == 'Linux'" },
    { name = "nvidia-nccl-cu12", marker = "platform_machine == 'x86_64' and platform_system == 'Linux'" },
    { name = "nvidia-nvtx-cu12", marker = "platform_machine == 'x86_64' and platform_system == 'Linux'" },
    { name = "sympy" },
    { name = "triton", marker = "python_full_version < '3.13' and platform_machine == 'x86_64' and platform_system == 'Linux'" },
    { name = "typing-extensions" },
]
wheels = [
    { url = "https://files.pythonhosted.org/packages/41/05/d540049b1832d1062510efc6829634b7fbef5394c757d8312414fb65a3cb/torch-2.4.1-cp310-cp310-manylinux1_x86_64.whl", hash = "sha256:362f82e23a4cd46341daabb76fba08f04cd646df9bfaf5da50af97cb60ca4971", size = 797072810 },
    { url = "https://files.pythonhosted.org/packages/a0/12/2162df9c47386ae7cedbc938f9703fee4792d93504fab8608d541e71ece3/torch-2.4.1-cp310-cp310-manylinux2014_aarch64.whl", hash = "sha256:e8ac1985c3ff0f60d85b991954cfc2cc25f79c84545aead422763148ed2759e3", size = 89699259 },
    { url = "https://files.pythonhosted.org/packages/5d/4c/b2a59ff0e265f5ee154f0d81e948b1518b94f545357731e1a3245ee5d45b/torch-2.4.1-cp310-cp310-win_amd64.whl", hash = "sha256:91e326e2ccfb1496e3bee58f70ef605aeb27bd26be07ba64f37dcaac3d070ada", size = 199433813 },
    { url = "https://files.pythonhosted.org/packages/dc/fb/1333ba666bbd53846638dd75a7a1d4eaf964aff1c482fc046e2311a1b499/torch-2.4.1-cp310-none-macosx_11_0_arm64.whl", hash = "sha256:d36a8ef100f5bff3e9c3cea934b9e0d7ea277cb8210c7152d34a9a6c5830eadd", size = 62139309 },
    { url = "https://files.pythonhosted.org/packages/ea/ea/4ab009e953bca6ff35ad75b8ab58c0923308636c182c145dc63084f7d136/torch-2.4.1-cp311-cp311-manylinux1_x86_64.whl", hash = "sha256:0b5f88afdfa05a335d80351e3cea57d38e578c8689f751d35e0ff36bce872113", size = 797111232 },
    { url = "https://files.pythonhosted.org/packages/8f/a1/b31f94b4631c1731261db9fdc9a749ef58facc3b76094a6fe974f611f239/torch-2.4.1-cp311-cp311-manylinux2014_aarch64.whl", hash = "sha256:ef503165f2341942bfdf2bd520152f19540d0c0e34961232f134dc59ad435be8", size = 89719574 },
    { url = "https://files.pythonhosted.org/packages/5a/6a/775b93d6888c31f1f1fc457e4f5cc89f0984412d5dcdef792b8f2aa6e812/torch-2.4.1-cp311-cp311-win_amd64.whl", hash = "sha256:092e7c2280c860eff762ac08c4bdcd53d701677851670695e0c22d6d345b269c", size = 199436128 },
    { url = "https://files.pythonhosted.org/packages/1f/34/c93873c37f93154d982172755f7e504fdbae6c760499303a3111ce6ce327/torch-2.4.1-cp311-none-macosx_11_0_arm64.whl", hash = "sha256:ddddbd8b066e743934a4200b3d54267a46db02106876d21cf31f7da7a96f98ea", size = 62145176 },
    { url = "https://files.pythonhosted.org/packages/cc/df/5204a13a7a973c23c7ade615bafb1a3112b5d0ec258d8390f078fa4ab0f7/torch-2.4.1-cp312-cp312-manylinux1_x86_64.whl", hash = "sha256:fdc4fe11db3eb93c1115d3e973a27ac7c1a8318af8934ffa36b0370efe28e042", size = 797019590 },
    { url = "https://files.pythonhosted.org/packages/4f/16/d23a689e5ef8001ed2ace1a3a59f2fda842889b0c3f3877799089925282a/torch-2.4.1-cp312-cp312-manylinux2014_aarch64.whl", hash = "sha256:18835374f599207a9e82c262153c20ddf42ea49bc76b6eadad8e5f49729f6e4d", size = 89613802 },
    { url = "https://files.pythonhosted.org/packages/a8/e0/ca8354dfb8d834a76da51b06e8248b70fc182bc163540507919124974bdf/torch-2.4.1-cp312-cp312-win_amd64.whl", hash = "sha256:ebea70ff30544fc021d441ce6b219a88b67524f01170b1c538d7d3ebb5e7f56c", size = 199387694 },
    { url = "https://files.pythonhosted.org/packages/ac/30/8b6f77ea4ce84f015ee024b8dfef0dac289396254e8bfd493906d4cbb848/torch-2.4.1-cp312-none-macosx_11_0_arm64.whl", hash = "sha256:72b484d5b6cec1a735bf3fa5a1c4883d01748698c5e9cfdbeb4ffab7c7987e0d", size = 62123443 },
]

[[package]]
name = "triton"
version = "3.0.0"
source = { registry = "https://pypi.org/simple" }
dependencies = [
    { name = "filelock" },
]
wheels = [
    { url = "https://files.pythonhosted.org/packages/45/27/14cc3101409b9b4b9241d2ba7deaa93535a217a211c86c4cc7151fb12181/triton-3.0.0-1-cp310-cp310-manylinux2014_x86_64.manylinux_2_17_x86_64.whl", hash = "sha256:e1efef76935b2febc365bfadf74bcb65a6f959a9872e5bddf44cc9e0adce1e1a", size = 209376304 },
    { url = "https://files.pythonhosted.org/packages/33/3e/a2f59384587eff6aeb7d37b6780de7fedd2214935e27520430ca9f5b7975/triton-3.0.0-1-cp311-cp311-manylinux2014_x86_64.manylinux_2_17_x86_64.whl", hash = "sha256:5ce8520437c602fb633f1324cc3871c47bee3b67acf9756c1a66309b60e3216c", size = 209438883 },
    { url = "https://files.pythonhosted.org/packages/fe/7b/7757205dee3628f75e7991021d15cd1bd0c9b044ca9affe99b50879fc0e1/triton-3.0.0-1-cp312-cp312-manylinux2014_x86_64.manylinux_2_17_x86_64.whl", hash = "sha256:34e509deb77f1c067d8640725ef00c5cbfcb2052a1a3cb6a6d343841f92624eb", size = 209464695 },
]

[[package]]
name = "typing-extensions"
version = "4.12.2"
source = { registry = "https://pypi.org/simple" }
sdist = { url = "https://files.pythonhosted.org/packages/df/db/f35a00659bc03fec321ba8bce9420de607a1d37f8342eee1863174c69557/typing_extensions-4.12.2.tar.gz", hash = "sha256:1a7ead55c7e559dd4dee8856e3a88b41225abfe1ce8df57b7c13915fe121ffb8", size = 85321 }
wheels = [
    { url = "https://files.pythonhosted.org/packages/26/9f/ad63fc0248c5379346306f8668cda6e2e2e9c95e01216d2b8ffd9ff037d0/typing_extensions-4.12.2-py3-none-any.whl", hash = "sha256:04e5ca0351e0f3f85c6853954072df659d0d13fac324d0072316b67d7794700d", size = 37438 },
]
